
Microsoft Visual Studio Solution File, Format Version 12.00
# Visual Studio 15
VisualStudioVersion = 15.0.26124.0
MinimumVisualStudioVersion = 15.0.26124.0
Project("{9A19103F-16F7-4668-BE54-9A1E7A4F7556}") = "CSharp.Dll.Consumer", "CSharp.Dll.Consumer\CSharp.Dll.Consumer.csproj", "{0B887E9A-2271-4F57-B95A-5E87AE35F8C2}"
EndProject
Project("{8BC9CEB8-8B4A-11D0-8D11-00A0C91BC942}") = "Simple.Cpp.Dll", "Simple.Cpp.Dll\Simple.Cpp.Dll.vcxproj", "{352CC87B-421D-4D0B-B24D-CCD83AC7ACB9}"
EndProject
Project("{FAE04EC0-301F-11D3-BF4B-00C04F79EFBC}") = "CSharp.Dll.Consumer.Tests", "CSharp.Dll.Consumer.Tests\CSharp.Dll.Consumer.Tests.csproj", "{C298E70A-1451-4B4F-B418-479AD382FB37}"
EndProject
Global
	GlobalSection(SolutionConfigurationPlatforms) = preSolution
		Debug|Any CPU = Debug|Any CPU
		Debug|x64 = Debug|x64
		Debug|x86 = Debug|x86
		Release|Any CPU = Release|Any CPU
		Release|x64 = Release|x64
		Release|x86 = Release|x86
	EndGlobalSection
	GlobalSection(ProjectConfigurationPlatforms) = postSolution
		{0B887E9A-2271-4F57-B95A-5E87AE35F8C2}.Debug|Any CPU.ActiveCfg = Debug|Any CPU
		{0B887E9A-2271-4F57-B95A-5E87AE35F8C2}.Debug|Any CPU.Build.0 = Debug|Any CPU
		{0B887E9A-2271-4F57-B95A-5E87AE35F8C2}.Debug|x64.ActiveCfg = Debug|Any CPU
		{0B887E9A-2271-4F57-B95A-5E87AE35F8C2}.Debug|x64.Build.0 = Debug|Any CPU
		{0B887E9A-2271-4F57-B95A-5E87AE35F8C2}.Debug|x86.ActiveCfg = Debug|Any CPU
		{0B887E9A-2271-4F57-B95A-5E87AE35F8C2}.Debug|x86.Build.0 = Debug|Any CPU
		{0B887E9A-2271-4F57-B95A-5E87AE35F8C2}.Release|Any CPU.ActiveCfg = Release|Any CPU
		{0B887E9A-2271-4F57-B95A-5E87AE35F8C2}.Release|Any CPU.Build.0 = Release|Any CPU
		{0B887E9A-2271-4F57-B95A-5E87AE35F8C2}.Release|x64.ActiveCfg = Release|Any CPU
		{0B887E9A-2271-4F57-B95A-5E87AE35F8C2}.Release|x64.Build.0 = Release|Any CPU
		{0B887E9A-2271-4F57-B95A-5E87AE35F8C2}.Release|x86.ActiveCfg = Release|Any CPU
		{0B887E9A-2271-4F57-B95A-5E87AE35F8C2}.Release|x86.Build.0 = Release|Any CPU
		{352CC87B-421D-4D0B-B24D-CCD83AC7ACB9}.Debug|Any CPU.ActiveCfg = Debug|Win32
		{352CC87B-421D-4D0B-B24D-CCD83AC7ACB9}.Debug|x64.ActiveCfg = Debug|x64
		{352CC87B-421D-4D0B-B24D-CCD83AC7ACB9}.Debug|x64.Build.0 = Debug|x64
		{352CC87B-421D-4D0B-B24D-CCD83AC7ACB9}.Debug|x86.ActiveCfg = Debug|Win32
		{352CC87B-421D-4D0B-B24D-CCD83AC7ACB9}.Debug|x86.Build.0 = Debug|Win32
		{352CC87B-421D-4D0B-B24D-CCD83AC7ACB9}.Release|Any CPU.ActiveCfg = Release|Win32
		{352CC87B-421D-4D0B-B24D-CCD83AC7ACB9}.Release|x64.ActiveCfg = Release|x64
		{352CC87B-421D-4D0B-B24D-CCD83AC7ACB9}.Release|x64.Build.0 = Release|x64
		{352CC87B-421D-4D0B-B24D-CCD83AC7ACB9}.Release|x86.ActiveCfg = Release|Win32
		{352CC87B-421D-4D0B-B24D-CCD83AC7ACB9}.Release|x86.Build.0 = Release|Win32
		{C298E70A-1451-4B4F-B418-479AD382FB37}.Debug|Any CPU.ActiveCfg = Debug|Any CPU
		{C298E70A-1451-4B4F-B418-479AD382FB37}.Debug|Any CPU.Build.0 = Debug|Any CPU
		{C298E70A-1451-4B4F-B418-479AD382FB37}.Debug|x64.ActiveCfg = Debug|Any CPU
		{C298E70A-1451-4B4F-B418-479AD382FB37}.Debug|x64.Build.0 = Debug|Any CPU
		{C298E70A-1451-4B4F-B418-479AD382FB37}.Debug|x86.ActiveCfg = Debug|Any CPU
		{C298E70A-1451-4B4F-B418-479AD382FB37}.Debug|x86.Build.0 = Debug|Any CPU
		{C298E70A-1451-4B4F-B418-479AD382FB37}.Release|Any CPU.ActiveCfg = Release|Any CPU
		{C298E70A-1451-4B4F-B418-479AD382FB37}.Release|Any CPU.Build.0 = Release|Any CPU
		{C298E70A-1451-4B4F-B418-479AD382FB37}.Release|x64.ActiveCfg = Release|Any CPU
		{C298E70A-1451-4B4F-B418-479AD382FB37}.Release|x64.Build.0 = Release|Any CPU
		{C298E70A-1451-4B4F-B418-479AD382FB37}.Release|x86.ActiveCfg = Release|Any CPU
		{C298E70A-1451-4B4F-B418-479AD382FB37}.Release|x86.Build.0 = Release|Any CPU
	EndGlobalSection
	GlobalSection(SolutionProperties) = preSolution
		HideSolutionNode = FALSE
	EndGlobalSection
	GlobalSection(ExtensibilityGlobals) = postSolution
		SolutionGuid = {2ABDD99C-22FA-486B-B36E-3C493205A124}
	EndGlobalSection
EndGlobal
