
Microsoft Visual Studio Solution File, Format Version 12.00
# Visual Studio 15
VisualStudioVersion = 15.0.27428.2037
MinimumVisualStudioVersion = 10.0.40219.1
Project("{8BC9CEB8-8B4A-11D0-8D11-00A0C91BC942}") = "Simple.Cpp.Dll", "Simple.Cpp.Dll.vcxproj", "{352CC87B-421D-4D0B-B24D-CCD83AC7ACB9}"
EndProject
Project("{FAE04EC0-301F-11D3-BF4B-00C04F79EFBC}") = "CSharp.Dll.Consumer", "..\CSharp.Dll.Consumer\CSharp.Dll.Consumer.csproj", "{5D7B4847-35D5-4871-8F41-9961ADF5D7EB}"
EndProject
Global
	GlobalSection(SolutionConfigurationPlatforms) = preSolution
		Debug|Any CPU = Debug|Any CPU
		Debug|x64 = Debug|x64
		Debug|x86 = Debug|x86
		Release|Any CPU = Release|Any CPU
		Release|x64 = Release|x64
		Release|x86 = Release|x86
	EndGlobalSection
	GlobalSection(ProjectConfigurationPlatforms) = postSolution
		{352CC87B-421D-4D0B-B24D-CCD83AC7ACB9}.Debug|Any CPU.ActiveCfg = Debug|Win32
		{352CC87B-421D-4D0B-B24D-CCD83AC7ACB9}.Debug|x64.ActiveCfg = Debug|x64
		{352CC87B-421D-4D0B-B24D-CCD83AC7ACB9}.Debug|x64.Build.0 = Debug|x64
		{352CC87B-421D-4D0B-B24D-CCD83AC7ACB9}.Debug|x86.ActiveCfg = Debug|Win32
		{352CC87B-421D-4D0B-B24D-CCD83AC7ACB9}.Debug|x86.Build.0 = Debug|Win32
		{352CC87B-421D-4D0B-B24D-CCD83AC7ACB9}.Release|Any CPU.ActiveCfg = Release|Win32
		{352CC87B-421D-4D0B-B24D-CCD83AC7ACB9}.Release|x64.ActiveCfg = Release|x64
		{352CC87B-421D-4D0B-B24D-CCD83AC7ACB9}.Release|x64.Build.0 = Release|x64
		{352CC87B-421D-4D0B-B24D-CCD83AC7ACB9}.Release|x86.ActiveCfg = Release|Win32
		{352CC87B-421D-4D0B-B24D-CCD83AC7ACB9}.Release|x86.Build.0 = Release|Win32
		{5D7B4847-35D5-4871-8F41-9961ADF5D7EB}.Debug|Any CPU.ActiveCfg = Debug|Any CPU
		{5D7B4847-35D5-4871-8F41-9961ADF5D7EB}.Debug|Any CPU.Build.0 = Debug|Any CPU
		{5D7B4847-35D5-4871-8F41-9961ADF5D7EB}.Debug|x64.ActiveCfg = Debug|Any CPU
		{5D7B4847-35D5-4871-8F41-9961ADF5D7EB}.Debug|x64.Build.0 = Debug|Any CPU
		{5D7B4847-35D5-4871-8F41-9961ADF5D7EB}.Debug|x86.ActiveCfg = Debug|Any CPU
		{5D7B4847-35D5-4871-8F41-9961ADF5D7EB}.Debug|x86.Build.0 = Debug|Any CPU
		{5D7B4847-35D5-4871-8F41-9961ADF5D7EB}.Release|Any CPU.ActiveCfg = Release|Any CPU
		{5D7B4847-35D5-4871-8F41-9961ADF5D7EB}.Release|Any CPU.Build.0 = Release|Any CPU
		{5D7B4847-35D5-4871-8F41-9961ADF5D7EB}.Release|x64.ActiveCfg = Release|Any CPU
		{5D7B4847-35D5-4871-8F41-9961ADF5D7EB}.Release|x64.Build.0 = Release|Any CPU
		{5D7B4847-35D5-4871-8F41-9961ADF5D7EB}.Release|x86.ActiveCfg = Release|Any CPU
		{5D7B4847-35D5-4871-8F41-9961ADF5D7EB}.Release|x86.Build.0 = Release|Any CPU
	EndGlobalSection
	GlobalSection(SolutionProperties) = preSolution
		HideSolutionNode = FALSE
	EndGlobalSection
	GlobalSection(ExtensibilityGlobals) = postSolution
		SolutionGuid = {5B03997A-7B43-4318-A298-D7F824700BB3}
	EndGlobalSection
EndGlobal
